// !$*UTF8*$!
{
	archiveVersion = 1;
	classes = {
	};
	objectVersion = 46;
	objects = {

/* Begin PBXBuildFile section */
		A872891B1B312CC2009A8679 /* AppDelegate.swift in Sources */ = {isa = PBXBuildFile; fileRef = A872891A1B312CC2009A8679 /* AppDelegate.swift */; };
		A872891D1B312CC2009A8679 /* MasterViewController.swift in Sources */ = {isa = PBXBuildFile; fileRef = A872891C1B312CC2009A8679 /* MasterViewController.swift */; };
		A872891F1B312CC2009A8679 /* DetailViewController.swift in Sources */ = {isa = PBXBuildFile; fileRef = A872891E1B312CC2009A8679 /* DetailViewController.swift */; };
		A87289221B312CC2009A8679 /* Main.storyboard in Resources */ = {isa = PBXBuildFile; fileRef = A87289201B312CC2009A8679 /* Main.storyboard */; };
		A87289241B312CC2009A8679 /* Images.xcassets in Resources */ = {isa = PBXBuildFile; fileRef = A87289231B312CC2009A8679 /* Images.xcassets */; };
		A87289271B312CC2009A8679 /* LaunchScreen.xib in Resources */ = {isa = PBXBuildFile; fileRef = A87289251B312CC2009A8679 /* LaunchScreen.xib */; };
		A87289331B312CC3009A8679 /* photobombTests.swift in Sources */ = {isa = PBXBuildFile; fileRef = A87289321B312CC3009A8679 /* photobombTests.swift */; };
/* End PBXBuildFile section */

/* Begin PBXContainerItemProxy section */
		A872892D1B312CC3009A8679 /* PBXContainerItemProxy */ = {
			isa = PBXContainerItemProxy;
			containerPortal = A872890D1B312CC2009A8679 /* Project object */;
			proxyType = 1;
			remoteGlobalIDString = A87289141B312CC2009A8679;
			remoteInfo = photobomb;
		};
/* End PBXContainerItemProxy section */

/* Begin PBXFileReference section */
		A87289151B312CC2009A8679 /* photobomb.app */ = {isa = PBXFileReference; explicitFileType = wrapper.application; includeInIndex = 0; path = photobomb.app; sourceTree = BUILT_PRODUCTS_DIR; };
		A87289191B312CC2009A8679 /* Info.plist */ = {isa = PBXFileReference; lastKnownFileType = text.plist.xml; path = Info.plist; sourceTree = "<group>"; };
		A872891A1B312CC2009A8679 /* AppDelegate.swift */ = {isa = PBXFileReference; lastKnownFileType = sourcecode.swift; path = AppDelegate.swift; sourceTree = "<group>"; };
		A872891C1B312CC2009A8679 /* MasterViewController.swift */ = {isa = PBXFileReference; lastKnownFileType = sourcecode.swift; path = MasterViewController.swift; sourceTree = "<group>"; };
		A872891E1B312CC2009A8679 /* DetailViewController.swift */ = {isa = PBXFileReference; lastKnownFileType = sourcecode.swift; path = DetailViewController.swift; sourceTree = "<group>"; };
		A87289211B312CC2009A8679 /* Base */ = {isa = PBXFileReference; lastKnownFileType = file.storyboard; name = Base; path = Base.lproj/Main.storyboard; sourceTree = "<group>"; };
		A87289231B312CC2009A8679 /* Images.xcassets */ = {isa = PBXFileReference; lastKnownFileType = folder.assetcatalog; path = Images.xcassets; sourceTree = "<group>"; };
		A87289261B312CC2009A8679 /* Base */ = {isa = PBXFileReference; lastKnownFileType = file.xib; name = Base; path = Base.lproj/LaunchScreen.xib; sourceTree = "<group>"; };
		A872892C1B312CC3009A8679 /* photobombTests.xctest */ = {isa = PBXFileReference; explicitFileType = wrapper.cfbundle; includeInIndex = 0; path = photobombTests.xctest; sourceTree = BUILT_PRODUCTS_DIR; };
		A87289311B312CC3009A8679 /* Info.plist */ = {isa = PBXFileReference; lastKnownFileType = text.plist.xml; path = Info.plist; sourceTree = "<group>"; };
		A87289321B312CC3009A8679 /* photobombTests.swift */ = {isa = PBXFileReference; lastKnownFileType = sourcecode.swift; path = photobombTests.swift; sourceTree = "<group>"; };
/* End PBXFileReference section */

/* Begin PBXFrameworksBuildPhase section */
		A87289121B312CC2009A8679 /* Frameworks */ = {
			isa = PBXFrameworksBuildPhase;
			buildActionMask = 2147483647;
			files = (
			);
			runOnlyForDeploymentPostprocessing = 0;
		};
		A87289291B312CC3009A8679 /* Frameworks */ = {
			isa = PBXFrameworksBuildPhase;
			buildActionMask = 2147483647;
			files = (
			);
			runOnlyForDeploymentPostprocessing = 0;
		};
/* End PBXFrameworksBuildPhase section */

/* Begin PBXGroup section */
		A872890C1B312CC2009A8679 = {
			isa = PBXGroup;
			children = (
				A87289171B312CC2009A8679 /* photobomb */,
				A872892F1B312CC3009A8679 /* photobombTests */,
				A87289161B312CC2009A8679 /* Products */,
			);
			sourceTree = "<group>";
		};
		A87289161B312CC2009A8679 /* Products */ = {
			isa = PBXGroup;
			children = (
				A87289151B312CC2009A8679 /* photobomb.app */,
				A872892C1B312CC3009A8679 /* photobombTests.xctest */,
			);
			name = Products;
			sourceTree = "<group>";
		};
		A87289171B312CC2009A8679 /* photobomb */ = {
			isa = PBXGroup;
			children = (
				A872891A1B312CC2009A8679 /* AppDelegate.swift */,
				A872891C1B312CC2009A8679 /* MasterViewController.swift */,
				A872891E1B312CC2009A8679 /* DetailViewController.swift */,
				A87289201B312CC2009A8679 /* Main.storyboard */,
				A87289231B312CC2009A8679 /* Images.xcassets */,
				A87289251B312CC2009A8679 /* LaunchScreen.xib */,
				A87289181B312CC2009A8679 /* Supporting Files */,
			);
			path = photobomb;
			sourceTree = "<group>";
		};
		A87289181B312CC2009A8679 /* Supporting Files */ = {
			isa = PBXGroup;
			children = (
				A87289191B312CC2009A8679 /* Info.plist */,
			);
			name = "Supporting Files";
			sourceTree = "<group>";
		};
		A872892F1B312CC3009A8679 /* photobombTests */ = {
			isa = PBXGroup;
			children = (
				A87289321B312CC3009A8679 /* photobombTests.swift */,
				A87289301B312CC3009A8679 /* Supporting Files */,
			);
			path = photobombTests;
			sourceTree = "<group>";
		};
		A87289301B312CC3009A8679 /* Supporting Files */ = {
			isa = PBXGroup;
			children = (
				A87289311B312CC3009A8679 /* Info.plist */,
			);
			name = "Supporting Files";
			sourceTree = "<group>";
		};
/* End PBXGroup section */

/* Begin PBXNativeTarget section */
		A87289141B312CC2009A8679 /* photobomb */ = {
			isa = PBXNativeTarget;
			buildConfigurationList = A87289361B312CC3009A8679 /* Build configuration list for PBXNativeTarget "photobomb" */;
			buildPhases = (
				A87289111B312CC2009A8679 /* Sources */,
				A87289121B312CC2009A8679 /* Frameworks */,
				A87289131B312CC2009A8679 /* Resources */,
			);
			buildRules = (
			);
			dependencies = (
			);
			name = photobomb;
			productName = photobomb;
			productReference = A87289151B312CC2009A8679 /* photobomb.app */;
			productType = "com.apple.product-type.application";
		};
		A872892B1B312CC3009A8679 /* photobombTests */ = {
			isa = PBXNativeTarget;
			buildConfigurationList = A87289391B312CC3009A8679 /* Build configuration list for PBXNativeTarget "photobombTests" */;
			buildPhases = (
				A87289281B312CC3009A8679 /* Sources */,
				A87289291B312CC3009A8679 /* Frameworks */,
				A872892A1B312CC3009A8679 /* Resources */,
			);
			buildRules = (
			);
			dependencies = (
				A872892E1B312CC3009A8679 /* PBXTargetDependency */,
			);
			name = photobombTests;
			productName = photobombTests;
			productReference = A872892C1B312CC3009A8679 /* photobombTests.xctest */;
			productType = "com.apple.product-type.bundle.unit-test";
		};
/* End PBXNativeTarget section */

/* Begin PBXProject section */
		A872890D1B312CC2009A8679 /* Project object */ = {
			isa = PBXProject;
			attributes = {
				LastUpgradeCheck = 0630;
				ORGANIZATIONNAME = mojo;
				TargetAttributes = {
					A87289141B312CC2009A8679 = {
						CreatedOnToolsVersion = 6.3;
					};
					A872892B1B312CC3009A8679 = {
						CreatedOnToolsVersion = 6.3;
						TestTargetID = A87289141B312CC2009A8679;
					};
				};
			};
			buildConfigurationList = A87289101B312CC2009A8679 /* Build configuration list for PBXProject "photobomb" */;
			compatibilityVersion = "Xcode 3.2";
			developmentRegion = English;
			hasScannedForEncodings = 0;
			knownRegions = (
				en,
				Base,
			);
			mainGroup = A872890C1B312CC2009A8679;
			productRefGroup = A87289161B312CC2009A8679 /* Products */;
			projectDirPath = "";
			projectRoot = "";
			targets = (
				A87289141B312CC2009A8679 /* photobomb */,
				A872892B1B312CC3009A8679 /* photobombTests */,
			);
		};
/* End PBXProject section */

/* Begin PBXResourcesBuildPhase section */
		A87289131B312CC2009A8679 /* Resources */ = {
			isa = PBXResourcesBuildPhase;
			buildActionMask = 2147483647;
			files = (
				A87289221B312CC2009A8679 /* Main.storyboard in Resources */,
				A87289271B312CC2009A8679 /* LaunchScreen.xib in Resources */,
				A87289241B312CC2009A8679 /* Images.xcassets in Resources */,
			);
			runOnlyForDeploymentPostprocessing = 0;
		};
		A872892A1B312CC3009A8679 /* Resources */ = {
			isa = PBXResourcesBuildPhase;
			buildActionMask = 2147483647;
			files = (
			);
			runOnlyForDeploymentPostprocessing = 0;
		};
/* End PBXResourcesBuildPhase section */

/* Begin PBXSourcesBuildPhase section */
		A87289111B312CC2009A8679 /* Sources */ = {
			isa = PBXSourcesBuildPhase;
			buildActionMask = 2147483647;
			files = (
				A872891F1B312CC2009A8679 /* DetailViewController.swift in Sources */,
				A872891D1B312CC2009A8679 /* MasterViewController.swift in Sources */,
				A872891B1B312CC2009A8679 /* AppDelegate.swift in Sources */,
			);
			runOnlyForDeploymentPostprocessing = 0;
		};
		A87289281B312CC3009A8679 /* Sources */ = {
			isa = PBXSourcesBuildPhase;
			buildActionMask = 2147483647;
			files = (
				A87289331B312CC3009A8679 /* photobombTests.swift in Sources */,
			);
			runOnlyForDeploymentPostprocessing = 0;
		};
/* End PBXSourcesBuildPhase section */

/* Begin PBXTargetDependency section */
		A872892E1B312CC3009A8679 /* PBXTargetDependency */ = {
			isa = PBXTargetDependency;
			target = A87289141B312CC2009A8679 /* photobomb */;
			targetProxy = A872892D1B312CC3009A8679 /* PBXContainerItemProxy */;
		};
/* End PBXTargetDependency section */

/* Begin PBXVariantGroup section */
		A87289201B312CC2009A8679 /* Main.storyboard */ = {
			isa = PBXVariantGroup;
			children = (
				A87289211B312CC2009A8679 /* Base */,
			);
			name = Main.storyboard;
			sourceTree = "<group>";
		};
		A87289251B312CC2009A8679 /* LaunchScreen.xib */ = {
			isa = PBXVariantGroup;
			children = (
				A87289261B312CC2009A8679 /* Base */,
			);
			name = LaunchScreen.xib;
			sourceTree = "<group>";
		};
/* End PBXVariantGroup section */

/* Begin XCBuildConfiguration section */
		A87289341B312CC3009A8679 /* Debug */ = {
			isa = XCBuildConfiguration;
			buildSettings = {
				ALWAYS_SEARCH_USER_PATHS = NO;
				CLANG_CXX_LANGUAGE_STANDARD = "gnu++0x";
				CLANG_CXX_LIBRARY = "libc++";
				CLANG_ENABLE_MODULES = YES;
				CLANG_ENABLE_OBJC_ARC = YES;
				CLANG_WARN_BOOL_CONVERSION = YES;
				CLANG_WARN_CONSTANT_CONVERSION = YES;
				CLANG_WARN_DIRECT_OBJC_ISA_USAGE = YES_ERROR;
				CLANG_WARN_EMPTY_BODY = YES;
				CLANG_WARN_ENUM_CONVERSION = YES;
				CLANG_WARN_INT_CONVERSION = YES;
				CLANG_WARN_OBJC_ROOT_CLASS = YES_ERROR;
				CLANG_WARN_UNREACHABLE_CODE = YES;
				CLANG_WARN__DUPLICATE_METHOD_MATCH = YES;
				"CODE_SIGN_IDENTITY[sdk=iphoneos*]" = "iPhone Developer";
				COPY_PHASE_STRIP = NO;
				DEBUG_INFORMATION_FORMAT = "dwarf-with-dsym";
				ENABLE_STRICT_OBJC_MSGSEND = YES;
				GCC_C_LANGUAGE_STANDARD = gnu99;
				GCC_DYNAMIC_NO_PIC = NO;
				GCC_NO_COMMON_BLOCKS = YES;
				GCC_OPTIMIZATION_LEVEL = 0;
				GCC_PREPROCESSOR_DEFINITIONS = (
					"DEBUG=1",
					"$(inherited)",
				);
				GCC_SYMBOLS_PRIVATE_EXTERN = NO;
				GCC_WARN_64_TO_32_BIT_CONVERSION = YES;
				GCC_WARN_ABOUT_RETURN_TYPE = YES_ERROR;
				GCC_WARN_UNDECLARED_SELECTOR = YES;
				GCC_WARN_UNINITIALIZED_AUTOS = YES_AGGRESSIVE;
				GCC_WARN_UNUSED_FUNCTION = YES;
				GCC_WARN_UNUSED_VARIABLE = YES;
				IPHONEOS_DEPLOYMENT_TARGET = 8.3;
				MTL_ENABLE_DEBUG_INFO = YES;
				ONLY_ACTIVE_ARCH = YES;
				SDKROOT = iphoneos;
				SWIFT_OPTIMIZATION_LEVEL = "-Onone";
				TARGETED_DEVICE_FAMILY = "1,2";
			};
			name = Debug;
		};
		A87289351B312CC3009A8679 /* Release */ = {
			isa = XCBuildConfiguration;
			buildSettings = {
				ALWAYS_SEARCH_USER_PATHS = NO;
				CLANG_CXX_LANGUAGE_STANDARD = "gnu++0x";
				CLANG_CXX_LIBRARY = "libc++";
				CLANG_ENABLE_MODULES = YES;
				CLANG_ENABLE_OBJC_ARC = YES;
				CLANG_WARN_BOOL_CONVERSION = YES;
				CLANG_WARN_CONSTANT_CONVERSION = YES;
				CLANG_WARN_DIRECT_OBJC_ISA_USAGE = YES_ERROR;
				CLANG_WARN_EMPTY_BODY = YES;
				CLANG_WARN_ENUM_CONVERSION = YES;
				CLANG_WARN_INT_CONVERSION = YES;
				CLANG_WARN_OBJC_ROOT_CLASS = YES_ERROR;
				CLANG_WARN_UNREACHABLE_CODE = YES;
				CLANG_WARN__DUPLICATE_METHOD_MATCH = YES;
				"CODE_SIGN_IDENTITY[sdk=iphoneos*]" = "iPhone Developer";
				COPY_PHASE_STRIP = NO;
				DEBUG_INFORMATION_FORMAT = "dwarf-with-dsym";
				ENABLE_NS_ASSERTIONS = NO;
				ENABLE_STRICT_OBJC_MSGSEND = YES;
				GCC_C_LANGUAGE_STANDARD = gnu99;
				GCC_NO_COMMON_BLOCKS = YES;
				GCC_WARN_64_TO_32_BIT_CONVERSION = YES;
				GCC_WARN_ABOUT_RETURN_TYPE = YES_ERROR;
				GCC_WARN_UNDECLARED_SELECTOR = YES;
				GCC_WARN_UNINITIALIZED_AUTOS = YES_AGGRESSIVE;
				GCC_WARN_UNUSED_FUNCTION = YES;
				GCC_WARN_UNUSED_VARIABLE = YES;
				IPHONEOS_DEPLOYMENT_TARGET = 8.3;
				MTL_ENABLE_DEBUG_INFO = NO;
				SDKROOT = iphoneos;
				TARGETED_DEVICE_FAMILY = "1,2";
				VALIDATE_PRODUCT = YES;
			};
			name = Release;
		};
		A87289371B312CC3009A8679 /* Debug */ = {
			isa = XCBuildConfiguration;
			buildSettings = {
				ASSETCATALOG_COMPILER_APPICON_NAME = AppIcon;
				INFOPLIST_FILE = photobomb/Info.plist;
				LD_RUNPATH_SEARCH_PATHS = "$(inherited) @executable_path/Frameworks";
				PRODUCT_NAME = "$(TARGET_NAME)";
			};
			name = Debug;
		};
		A87289381B312CC3009A8679 /* Release */ = {
			isa = XCBuildConfiguration;
			buildSettings = {
				ASSETCATALOG_COMPILER_APPICON_NAME = AppIcon;
				INFOPLIST_FILE = photobomb/Info.plist;
				LD_RUNPATH_SEARCH_PATHS = "$(inherited) @executable_path/Frameworks";
				PRODUCT_NAME = "$(TARGET_NAME)";
			};
			name = Release;
		};
		A872893A1B312CC3009A8679 /* Debug */ = {
			isa = XCBuildConfiguration;
			buildSettings = {
				BUNDLE_LOADER = "$(TEST_HOST)";
				FRAMEWORK_SEARCH_PATHS = (
					"$(SDKROOT)/Developer/Library/Frameworks",
					"$(inherited)",
				);
				GCC_PREPROCESSOR_DEFINITIONS = (
					"DEBUG=1",
					"$(inherited)",
				);
				INFOPLIST_FILE = photobombTests/Info.plist;
				LD_RUNPATH_SEARCH_PATHS = "$(inherited) @executable_path/Frameworks @loader_path/Frameworks";
				PRODUCT_NAME = "$(TARGET_NAME)";
				TEST_HOST = "$(BUILT_PRODUCTS_DIR)/photobomb.app/photobomb";
			};
			name = Debug;
		};
		A872893B1B312CC3009A8679 /* Release */ = {
			isa = XCBuildConfiguration;
			buildSettings = {
				BUNDLE_LOADER = "$(TEST_HOST)";
				FRAMEWORK_SEARCH_PATHS = (
					"$(SDKROOT)/Developer/Library/Frameworks",
					"$(inherited)",
				);
				INFOPLIST_FILE = photobombTests/Info.plist;
				LD_RUNPATH_SEARCH_PATHS = "$(inherited) @executable_path/Frameworks @loader_path/Frameworks";
				PRODUCT_NAME = "$(TARGET_NAME)";
				TEST_HOST = "$(BUILT_PRODUCTS_DIR)/photobomb.app/photobomb";
			};
			name = Release;
		};
/* End XCBuildConfiguration section */

/* Begin XCConfigurationList section */
		A87289101B312CC2009A8679 /* Build configuration list for PBXProject "photobomb" */ = {
			isa = XCConfigurationList;
			buildConfigurations = (
				A87289341B312CC3009A8679 /* Debug */,
				A87289351B312CC3009A8679 /* Release */,
			);
			defaultConfigurationIsVisible = 0;
			defaultConfigurationName = Release;
		};
		A87289361B312CC3009A8679 /* Build configuration list for PBXNativeTarget "photobomb" */ = {
			isa = XCConfigurationList;
			buildConfigurations = (
				A87289371B312CC3009A8679 /* Debug */,
				A87289381B312CC3009A8679 /* Release */,
			);
			defaultConfigurationIsVisible = 0;
		};
		A87289391B312CC3009A8679 /* Build configuration list for PBXNativeTarget "photobombTests" */ = {
			isa = XCConfigurationList;
			buildConfigurations = (
				A872893A1B312CC3009A8679 /* Debug */,
				A872893B1B312CC3009A8679 /* Release */,
			);
			defaultConfigurationIsVisible = 0;
		};
/* End XCConfigurationList section */
	};
	rootObject = A872890D1B312CC2009A8679 /* Project object */;
}
